
Microsoft Visual Studio Solution File, Format Version 12.00
# Visual Studio Version 16
VisualStudioVersion = 16.0.29905.134
MinimumVisualStudioVersion = 10.0.40219.1
Project("{FAE04EC0-301F-11D3-BF4B-00C04F79EFBC}") = "Lab9_4_Creating Dynamic HTML", "Lab9_4_Creating Dynamic HTML\Lab9_4_Creating Dynamic HTML.csproj", "{DFFE4D3E-DBDB-4E26-A36F-EA8D30A0BE3A}"
EndProject
Global
	GlobalSection(SolutionConfigurationPlatforms) = preSolution
		Debug|Any CPU = Debug|Any CPU
		Release|Any CPU = Release|Any CPU
	EndGlobalSection
	GlobalSection(ProjectConfigurationPlatforms) = postSolution
		{DFFE4D3E-DBDB-4E26-A36F-EA8D30A0BE3A}.Debug|Any CPU.ActiveCfg = Debug|Any CPU
		{DFFE4D3E-DBDB-4E26-A36F-EA8D30A0BE3A}.Debug|Any CPU.Build.0 = Debug|Any CPU
		{DFFE4D3E-DBDB-4E26-A36F-EA8D30A0BE3A}.Release|Any CPU.ActiveCfg = Release|Any CPU
		{DFFE4D3E-DBDB-4E26-A36F-EA8D30A0BE3A}.Release|Any CPU.Build.0 = Release|Any CPU
	EndGlobalSection
	GlobalSection(SolutionProperties) = preSolution
		HideSolutionNode = FALSE
	EndGlobalSection
	GlobalSection(ExtensibilityGlobals) = postSolution
		SolutionGuid = {5AC61C35-DB93-4713-956E-C8D3008C7700}
	EndGlobalSection
EndGlobal
